
Microsoft Visual Studio Solution File, Format Version 12.00
# Visual Studio Version 17
VisualStudioVersion = 17.14.36518.9 d17.14
MinimumVisualStudioVersion = 10.0.40219.1
Project("{FAE04EC0-301F-11D3-BF4B-00C04F79EFBC}") = "FinancialCRM.WinForm", "FinancialCRM.WinForm\FinancialCRM.WinForm.csproj", "{DFCF46A3-E1A0-4AC1-8B1E-85D1D1126B21}"
EndProject
Global
	GlobalSection(SolutionConfigurationPlatforms) = preSolution
		Debug|Any CPU = Debug|Any CPU
		Release|Any CPU = Release|Any CPU
	EndGlobalSection
	GlobalSection(ProjectConfigurationPlatforms) = postSolution
		{DFCF46A3-E1A0-4AC1-8B1E-85D1D1126B21}.Debug|Any CPU.ActiveCfg = Debug|Any CPU
		{DFCF46A3-E1A0-4AC1-8B1E-85D1D1126B21}.Debug|Any CPU.Build.0 = Debug|Any CPU
		{DFCF46A3-E1A0-4AC1-8B1E-85D1D1126B21}.Release|Any CPU.ActiveCfg = Release|Any CPU
		{DFCF46A3-E1A0-4AC1-8B1E-85D1D1126B21}.Release|Any CPU.Build.0 = Release|Any CPU
	EndGlobalSection
	GlobalSection(SolutionProperties) = preSolution
		HideSolutionNode = FALSE
	EndGlobalSection
	GlobalSection(ExtensibilityGlobals) = postSolution
		SolutionGuid = {28589A7D-6948-43B4-8AE1-07B03804B64C}
	EndGlobalSection
EndGlobal
